{
  "nodes": {
    "blink-cmp": {
      "inputs": {
        "fenix": "fenix",
        "flake-parts": [
          "nfl",
          "flake-parts"
        ],
        "nixpkgs": [
          "nfl",
          "nixpkgs"
        ]
      },
      "locked": {
        "lastModified": 1746128323,
        "narHash": "sha256-9GO1ehu36+3D0XKcUNfUuCdFV+xRNXoGXxH66ub+8xA=",
        "owner": "Saghen",
        "repo": "blink.cmp",
        "rev": "7281aed98f89cf190a2894f3688701df625fa6a7",
        "type": "github"
      },
      "original": {
        "owner": "Saghen",
        "repo": "blink.cmp",
        "type": "github"
      }
    },
    "fenix": {
      "inputs": {
        "nixpkgs": [
          "nfl",
          "blink-cmp",
          "nixpkgs"
        ],
        "rust-analyzer-src": "rust-analyzer-src"
      },
      "locked": {
        "lastModified": 1734676450,
        "narHash": "sha256-iwcxhTVe4h5TqW0HsNiOQP27eMBmbBshF+q2UjEy5aU=",
        "owner": "nix-community",
        "repo": "fenix",
        "rev": "46e19fa0eb3260b2c3ee5b2cf89e73343c1296ab",
        "type": "github"
      },
      "original": {
        "owner": "nix-community",
        "repo": "fenix",
        "type": "github"
      }
    },
    "flake-compat": {
      "locked": {
        "lastModified": 1733328505,
        "narHash": "sha256-NeCCThCEP3eCl2l/+27kNNK7QrwZB1IJCrXfrbv5oqU=",
        "owner": "edolstra",
        "repo": "flake-compat",
        "rev": "ff81ac966bb2cae68946d5ed5fc4994f96d0ffec",
        "type": "github"
      },
      "original": {
        "owner": "edolstra",
        "repo": "flake-compat",
        "type": "github"
      }
    },
    "flake-parts": {
      "inputs": {
        "nixpkgs-lib": "nixpkgs-lib"
      },
      "locked": {
        "lastModified": 1743550720,
        "narHash": "sha256-hIshGgKZCgWh6AYJpJmRgFdR3WUbkY04o82X05xqQiY=",
        "owner": "hercules-ci",
        "repo": "flake-parts",
        "rev": "c621e8422220273271f52058f618c94e405bb0f5",
        "type": "github"
      },
      "original": {
        "owner": "hercules-ci",
        "repo": "flake-parts",
        "type": "github"
      }
    },
    "flake-utils": {
      "inputs": {
        "systems": "systems"
      },
      "locked": {
        "lastModified": 1731533236,
        "narHash": "sha256-l0KFg5HjrsfsO/JpG+r7fRrqm12kzFHyUHqHCVpMMbI=",
        "owner": "numtide",
        "repo": "flake-utils",
        "rev": "11707dc2f618dd54ca8739b309ec4fc024de578b",
        "type": "github"
      },
      "original": {
        "owner": "numtide",
        "repo": "flake-utils",
        "type": "github"
      }
    },
    "freetype2": {
      "flake": false,
      "locked": {
        "lastModified": 1723459814,
        "narHash": "sha256-4l90lDtpgm5xlh2m7ifrqNy373DTRTULRkAzicrM93c=",
        "owner": "freetype",
        "repo": "freetype",
        "rev": "42608f77f20749dd6ddc9e0536788eaad70ea4b5",
        "type": "github"
      },
      "original": {
        "owner": "freetype",
        "ref": "VER-2-13-3",
        "repo": "freetype",
        "type": "github"
      }
    },
    "git-hooks": {
      "inputs": {
        "flake-compat": [
          "flake-compat"
        ],
        "gitignore": "gitignore",
        "nixpkgs": [
          "nixpkgs"
        ]
      },
      "locked": {
        "lastModified": 1746537231,
        "narHash": "sha256-Wb2xeSyOsCoTCTj7LOoD6cdKLEROyFAArnYoS+noCWo=",
        "owner": "cachix",
        "repo": "git-hooks.nix",
        "rev": "fa466640195d38ec97cf0493d6d6882bc4d14969",
        "type": "github"
      },
      "original": {
        "owner": "cachix",
        "repo": "git-hooks.nix",
        "type": "github"
      }
    },
    "gitignore": {
      "inputs": {
        "nixpkgs": [
          "git-hooks",
          "nixpkgs"
        ]
      },
      "locked": {
        "lastModified": 1709087332,
        "narHash": "sha256-HG2cCnktfHsKV0s4XW83gU3F57gaTljL9KNSuG6bnQs=",
        "owner": "hercules-ci",
        "repo": "gitignore.nix",
        "rev": "637db329424fd7e46cf4185293b9cc8c88c95394",
        "type": "github"
      },
      "original": {
        "owner": "hercules-ci",
        "repo": "gitignore.nix",
        "type": "github"
      }
    },
    "harfbuzz": {
      "flake": false,
      "locked": {
        "lastModified": 1719502711,
        "narHash": "sha256-2ieCf3ftNk851FZBDPVl+7QHWBqD729KiUxUyxi26Yg=",
        "owner": "harfbuzz",
        "repo": "harfbuzz",
        "rev": "9c03576c49db6e7207d9bcdfe3abd170a809157f",
        "type": "github"
      },
      "original": {
        "owner": "harfbuzz",
        "ref": "9.0.0",
        "repo": "harfbuzz",
        "type": "github"
      }
    },
    "hercules-ci-effects": {
      "inputs": {
        "flake-parts": [
          "flake-parts"
        ],
        "nixpkgs": [
          "nixpkgs"
        ]
      },
      "locked": {
        "lastModified": 1744693102,
        "narHash": "sha256-1Z4WPGVky4w3lrhrgs89OKsLzPdtkbi1bPLNFWsoLfY=",
        "owner": "hercules-ci",
        "repo": "hercules-ci-effects",
        "rev": "5b6cec51c9ec095a0d3fd4c8eeb53eb5c59ae33e",
        "type": "github"
      },
      "original": {
        "owner": "hercules-ci",
        "repo": "hercules-ci-effects",
        "type": "github"
      }
    },
    "libpng": {
      "flake": false,
      "locked": {
        "lastModified": 1726173884,
        "narHash": "sha256-gBfHgGaqVYdmhWXoNKZzPyGzyw2rr3zp+DjWmfC41jk=",
        "owner": "pnggroup",
        "repo": "libpng",
        "rev": "f5e92d76973a7a53f517579bc95d61483bf108c0",
        "type": "github"
      },
      "original": {
        "owner": "pnggroup",
        "ref": "v1.6.44",
        "repo": "libpng",
        "type": "github"
      }
    },
    "mnw": {
      "locked": {
        "lastModified": 1746067396,
        "narHash": "sha256-w5T4lDDb5n8bTpANiCTPQxLHr/w4hTG+/dpGdlZqj5M=",
        "owner": "Gerg-L",
        "repo": "mnw",
        "rev": "72cb91adffacd7c0c7a2600ac75d1bfc04fcded7",
        "type": "github"
      },
      "original": {
        "owner": "Gerg-L",
        "repo": "mnw",
        "type": "github"
      }
    },
    "neovim-nightly": {
      "inputs": {
        "flake-compat": [
          "flake-compat"
        ],
        "flake-parts": [
          "flake-parts"
        ],
        "git-hooks": [
          "git-hooks"
        ],
        "hercules-ci-effects": [
          "hercules-ci-effects"
        ],
        "neovim-src": "neovim-src",
        "nixpkgs": [
          "nixpkgs"
        ],
        "treefmt-nix": "treefmt-nix"
      },
      "locked": {
        "lastModified": 1746597161,
        "narHash": "sha256-daMMsEo9pSwPS6Gl5JtnIrSKJILuXEXM3IWFXnNNmv8=",
        "owner": "nix-community",
        "repo": "neovim-nightly-overlay",
        "rev": "dd1f5e1bf705d67878c39cc36d6e44f23b2c2637",
        "type": "github"
      },
      "original": {
        "owner": "nix-community",
        "repo": "neovim-nightly-overlay",
        "type": "github"
      }
    },
    "neovim-src": {
      "flake": false,
      "locked": {
        "lastModified": 1746550053,
        "narHash": "sha256-p4D5dAdndCINvG319qWYaev9t6vxvyDWqggl8GZkh5o=",
        "owner": "neovim",
        "repo": "neovim",
        "rev": "a81d2b6703e03bcee0521772551df750148884ae",
        "type": "github"
      },
      "original": {
        "owner": "neovim",
        "repo": "neovim",
        "type": "github"
      }
    },
    "nfl": {
      "inputs": {
        "blink-cmp": "blink-cmp",
        "flake-compat": [
          "flake-compat"
        ],
        "flake-parts": [
          "flake-parts"
        ],
        "git-hooks": [
          "git-hooks"
        ],
        "hercules-ci-effects": [
          "hercules-ci-effects"
        ],
        "mnw": "mnw",
        "neovim-nightly": [
          "neovim-nightly"
        ],
        "nixpkgs": [
          "nixpkgs"
        ]
      },
      "locked": {
        "lastModified": 1746171663,
        "narHash": "sha256-tBWpKPYKQDq6PIHQsqiaXq85zbQUeXgEp9s5230EaZE=",
        "owner": "venkyr77",
        "repo": "neovim-flake",
        "rev": "5cb2dcf52f1ebeac62e6c8769798bf3539892ca3",
        "type": "github"
      },
      "original": {
        "owner": "venkyr77",
        "repo": "neovim-flake",
        "type": "github"
      }
    },
    "nixos-wsl": {
      "inputs": {
        "flake-compat": [
          "flake-compat"
        ],
        "nixpkgs": [
          "nixpkgs"
        ]
      },
      "locked": {
        "lastModified": 1746453552,
        "narHash": "sha256-r66UGha+7KVHkI7ksrcMjnw/mm9Sg4l5bQlylxHwdGU=",
        "owner": "nix-community",
        "repo": "NixOS-WSL",
        "rev": "be618645aa0adf461f778500172b6896d5ab2d01",
        "type": "github"
      },
      "original": {
        "owner": "nix-community",
        "ref": "main",
        "repo": "NixOS-WSL",
        "type": "github"
      }
    },
    "nixpkgs": {
      "locked": {
        "lastModified": 1746576598,
        "narHash": "sha256-FshoQvr6Aor5SnORVvh/ZdJ1Sa2U4ZrIMwKBX5k2wu0=",
        "owner": "NixOS",
        "repo": "nixpkgs",
        "rev": "b3582c75c7f21ce0b429898980eddbbf05c68e55",
        "type": "github"
      },
      "original": {
        "owner": "NixOS",
        "ref": "nixpkgs-unstable",
        "repo": "nixpkgs",
        "type": "github"
      }
    },
    "nixpkgs-lib": {
      "locked": {
        "lastModified": 1743296961,
        "narHash": "sha256-b1EdN3cULCqtorQ4QeWgLMrd5ZGOjLSLemfa00heasc=",
        "owner": "nix-community",
        "repo": "nixpkgs.lib",
        "rev": "e4822aea2a6d1cdd36653c134cacfd64c97ff4fa",
        "type": "github"
      },
      "original": {
        "owner": "nix-community",
        "repo": "nixpkgs.lib",
        "type": "github"
      }
    },
    "root": {
      "inputs": {
        "flake-compat": "flake-compat",
        "flake-parts": "flake-parts",
        "git-hooks": "git-hooks",
        "hercules-ci-effects": "hercules-ci-effects",
        "neovim-nightly": "neovim-nightly",
        "nfl": "nfl",
        "nixos-wsl": "nixos-wsl",
        "nixpkgs": "nixpkgs",
        "wezterm": "wezterm"
      }
    },
    "rust-analyzer-src": {
      "flake": false,
      "locked": {
        "lastModified": 1734622712,
        "narHash": "sha256-2Oc2LbFypF1EG3zTVIVcuT5XFJ7R3oAwu2tS8B0qQ0I=",
        "owner": "rust-lang",
        "repo": "rust-analyzer",
        "rev": "fe027d79d22f2a7645da4143f5cc0f5f56239b97",
        "type": "github"
      },
      "original": {
        "owner": "rust-lang",
        "ref": "nightly",
        "repo": "rust-analyzer",
        "type": "github"
      }
    },
    "rust-overlay": {
      "inputs": {
        "nixpkgs": [
          "wezterm",
          "nixpkgs"
        ]
      },
      "locked": {
        "lastModified": 1735871325,
        "narHash": "sha256-6Ta5E4mhSfCP6LdkzkG2+BciLOCPeLKuYTJ6lOHW+mI=",
        "owner": "oxalica",
        "repo": "rust-overlay",
        "rev": "a599f011db521766cbaf7c2f5874182485554f00",
        "type": "github"
      },
      "original": {
        "owner": "oxalica",
        "repo": "rust-overlay",
        "type": "github"
      }
    },
    "systems": {
      "locked": {
        "lastModified": 1681028828,
        "narHash": "sha256-Vy1rq5AaRuLzOxct8nz4T6wlgyUR7zLU309k9mBC768=",
        "owner": "nix-systems",
        "repo": "default",
        "rev": "da67096a3b9bf56a91d16901293e51ba5b49a27e",
        "type": "github"
      },
      "original": {
        "owner": "nix-systems",
        "repo": "default",
        "type": "github"
      }
    },
    "treefmt-nix": {
      "inputs": {
        "nixpkgs": [
          "neovim-nightly",
          "nixpkgs"
        ]
      },
      "locked": {
        "lastModified": 1746216483,
        "narHash": "sha256-4h3s1L/kKqt3gMDcVfN8/4v2jqHrgLIe4qok4ApH5x4=",
        "owner": "numtide",
        "repo": "treefmt-nix",
        "rev": "29ec5026372e0dec56f890e50dbe4f45930320fd",
        "type": "github"
      },
      "original": {
        "owner": "numtide",
        "repo": "treefmt-nix",
        "type": "github"
      }
    },
    "wezterm": {
      "inputs": {
        "flake-utils": "flake-utils",
        "freetype2": "freetype2",
        "harfbuzz": "harfbuzz",
        "libpng": "libpng",
        "nixpkgs": [
          "nixpkgs"
        ],
        "rust-overlay": "rust-overlay",
        "zlib": "zlib"
      },
      "locked": {
        "dir": "nix",
        "lastModified": 1746365493,
        "narHash": "sha256-8Js+cgkK9cHcJFBSSbLQoOnojYY4I6F4vGBq3zoUId8=",
        "owner": "wezterm",
        "repo": "wezterm",
        "rev": "dd3caaae34e0c8557e9f2b4557b573fe2cdb37dd",
        "type": "github"
      },
      "original": {
        "dir": "nix",
        "owner": "wezterm",
        "repo": "wezterm",
        "type": "github"
      }
    },
    "zlib": {
      "flake": false,
      "locked": {
        "lastModified": 1705948357,
        "narHash": "sha256-TkPLWSN5QcPlL9D0kc/yhH0/puE9bFND24aj5NVDKYs=",
        "owner": "madler",
        "repo": "zlib",
        "rev": "51b7f2abdade71cd9bb0e7a373ef2610ec6f9daf",
        "type": "github"
      },
      "original": {
        "owner": "madler",
        "ref": "v1.3.1",
        "repo": "zlib",
        "type": "github"
      }
    }
  },
  "root": "root",
  "version": 7
}
